
Microsoft Visual Studio Solution File, Format Version 12.00
# Visual Studio Version 16
VisualStudioVersion = 16.0.30621.155
MinimumVisualStudioVersion = 10.0.40219.1
Project("{FAE04EC0-301F-11D3-BF4B-00C04F79EFBC}") = "SecondJenkinsApplication", "SecondJenkinsApplication\SecondJenkinsApplication.csproj", "{F16BBEF9-B65A-4AE3-BF5A-CFD3B85A18D0}"
EndProject
Global
	GlobalSection(SolutionConfigurationPlatforms) = preSolution
		Debug|Any CPU = Debug|Any CPU
		Release|Any CPU = Release|Any CPU
	EndGlobalSection
	GlobalSection(ProjectConfigurationPlatforms) = postSolution
		{F16BBEF9-B65A-4AE3-BF5A-CFD3B85A18D0}.Debug|Any CPU.ActiveCfg = Debug|Any CPU
		{F16BBEF9-B65A-4AE3-BF5A-CFD3B85A18D0}.Debug|Any CPU.Build.0 = Debug|Any CPU
		{F16BBEF9-B65A-4AE3-BF5A-CFD3B85A18D0}.Release|Any CPU.ActiveCfg = Release|Any CPU
		{F16BBEF9-B65A-4AE3-BF5A-CFD3B85A18D0}.Release|Any CPU.Build.0 = Release|Any CPU
	EndGlobalSection
	GlobalSection(SolutionProperties) = preSolution
		HideSolutionNode = FALSE
	EndGlobalSection
	GlobalSection(ExtensibilityGlobals) = postSolution
		SolutionGuid = {F50C1274-52E7-41BF-B854-0DE58B3C39C2}
	EndGlobalSection
EndGlobal
